
Microsoft Visual Studio Solution File, Format Version 12.00
# Visual Studio Version 16
VisualStudioVersion = 16.0.29911.84
MinimumVisualStudioVersion = 10.0.40219.1
Project("{8BC9CEB8-8B4A-11D0-8D11-00A0C91BC942}") = "KazEngine", "KazEngine\KazEngine.vcxproj", "{EB9859A8-4158-47FA-85DF-6978FC08F861}"
	ProjectSection(ProjectDependencies) = postProject
		{0FBE550B-D3BA-4EEF-91B3-7B9EB6038DB6} = {0FBE550B-D3BA-4EEF-91B3-7B9EB6038DB6}
		{A567E42B-84C0-48C5-A851-6733D9E1070F} = {A567E42B-84C0-48C5-A851-6733D9E1070F}
		{D3E5CE44-128C-4CB3-8015-F935FBCCBA15} = {D3E5CE44-128C-4CB3-8015-F935FBCCBA15}
		{E71097B1-13C4-4B92-B63E-CCF79D6E61A2} = {E71097B1-13C4-4B92-B63E-CCF79D6E61A2}
	EndProjectSection
EndProject
Project("{8BC9CEB8-8B4A-11D0-8D11-00A0C91BC942}") = "DataPacker", "DataPacker\DataPacker.vcxproj", "{A567E42B-84C0-48C5-A851-6733D9E1070F}"
EndProject
Project("{8BC9CEB8-8B4A-11D0-8D11-00A0C91BC942}") = "DataPackerGUI", "DataPackerGUI\DataPackerGUI.vcxproj", "{A872F24A-19DE-46A4-8A35-B53C05E83706}"
	ProjectSection(ProjectDependencies) = postProject
		{0FBE550B-D3BA-4EEF-91B3-7B9EB6038DB6} = {0FBE550B-D3BA-4EEF-91B3-7B9EB6038DB6}
		{A567E42B-84C0-48C5-A851-6733D9E1070F} = {A567E42B-84C0-48C5-A851-6733D9E1070F}
		{D3E5CE44-128C-4CB3-8015-F935FBCCBA15} = {D3E5CE44-128C-4CB3-8015-F935FBCCBA15}
		{E71097B1-13C4-4B92-B63E-CCF79D6E61A2} = {E71097B1-13C4-4B92-B63E-CCF79D6E61A2}
	EndProjectSection
EndProject
Project("{8BC9CEB8-8B4A-11D0-8D11-00A0C91BC942}") = "Maths", "Maths\Maths.vcxproj", "{7E3D7822-0E0C-40E0-9F8A-84F08E783453}"
EndProject
Project("{8BC9CEB8-8B4A-11D0-8D11-00A0C91BC942}") = "Tools", "Tools\Tools.vcxproj", "{D3E5CE44-128C-4CB3-8015-F935FBCCBA15}"
EndProject
Project("{8BC9CEB8-8B4A-11D0-8D11-00A0C91BC942}") = "EngineModel", "EngineModel\EngineModel.vcxproj", "{E71097B1-13C4-4B92-B63E-CCF79D6E61A2}"
	ProjectSection(ProjectDependencies) = postProject
		{A567E42B-84C0-48C5-A851-6733D9E1070F} = {A567E42B-84C0-48C5-A851-6733D9E1070F}
	EndProjectSection
EndProject
Project("{8BC9CEB8-8B4A-11D0-8D11-00A0C91BC942}") = "LogManager", "LogManager\LogManager.vcxproj", "{0FBE550B-D3BA-4EEF-91B3-7B9EB6038DB6}"
EndProject
Global
	GlobalSection(SolutionConfigurationPlatforms) = preSolution
		Debug|x64 = Debug|x64
		Debug|x86 = Debug|x86
		Release|x64 = Release|x64
		Release|x86 = Release|x86
	EndGlobalSection
	GlobalSection(ProjectConfigurationPlatforms) = postSolution
		{EB9859A8-4158-47FA-85DF-6978FC08F861}.Debug|x64.ActiveCfg = Debug|x64
		{EB9859A8-4158-47FA-85DF-6978FC08F861}.Debug|x64.Build.0 = Debug|x64
		{EB9859A8-4158-47FA-85DF-6978FC08F861}.Debug|x86.ActiveCfg = Debug|Win32
		{EB9859A8-4158-47FA-85DF-6978FC08F861}.Debug|x86.Build.0 = Debug|Win32
		{EB9859A8-4158-47FA-85DF-6978FC08F861}.Release|x64.ActiveCfg = Release|x64
		{EB9859A8-4158-47FA-85DF-6978FC08F861}.Release|x64.Build.0 = Release|x64
		{EB9859A8-4158-47FA-85DF-6978FC08F861}.Release|x86.ActiveCfg = Release|Win32
		{EB9859A8-4158-47FA-85DF-6978FC08F861}.Release|x86.Build.0 = Release|Win32
		{A567E42B-84C0-48C5-A851-6733D9E1070F}.Debug|x64.ActiveCfg = Debug|x64
		{A567E42B-84C0-48C5-A851-6733D9E1070F}.Debug|x64.Build.0 = Debug|x64
		{A567E42B-84C0-48C5-A851-6733D9E1070F}.Debug|x86.ActiveCfg = Debug|Win32
		{A567E42B-84C0-48C5-A851-6733D9E1070F}.Debug|x86.Build.0 = Debug|Win32
		{A567E42B-84C0-48C5-A851-6733D9E1070F}.Release|x64.ActiveCfg = Release|x64
		{A567E42B-84C0-48C5-A851-6733D9E1070F}.Release|x64.Build.0 = Release|x64
		{A567E42B-84C0-48C5-A851-6733D9E1070F}.Release|x86.ActiveCfg = Release|Win32
		{A567E42B-84C0-48C5-A851-6733D9E1070F}.Release|x86.Build.0 = Release|Win32
		{A872F24A-19DE-46A4-8A35-B53C05E83706}.Debug|x64.ActiveCfg = Debug|x64
		{A872F24A-19DE-46A4-8A35-B53C05E83706}.Debug|x64.Build.0 = Debug|x64
		{A872F24A-19DE-46A4-8A35-B53C05E83706}.Debug|x86.ActiveCfg = Debug|Win32
		{A872F24A-19DE-46A4-8A35-B53C05E83706}.Debug|x86.Build.0 = Debug|Win32
		{A872F24A-19DE-46A4-8A35-B53C05E83706}.Release|x64.ActiveCfg = Release|x64
		{A872F24A-19DE-46A4-8A35-B53C05E83706}.Release|x64.Build.0 = Release|x64
		{A872F24A-19DE-46A4-8A35-B53C05E83706}.Release|x86.ActiveCfg = Release|Win32
		{A872F24A-19DE-46A4-8A35-B53C05E83706}.Release|x86.Build.0 = Release|Win32
		{7E3D7822-0E0C-40E0-9F8A-84F08E783453}.Debug|x64.ActiveCfg = Debug|x64
		{7E3D7822-0E0C-40E0-9F8A-84F08E783453}.Debug|x64.Build.0 = Debug|x64
		{7E3D7822-0E0C-40E0-9F8A-84F08E783453}.Debug|x86.ActiveCfg = Debug|Win32
		{7E3D7822-0E0C-40E0-9F8A-84F08E783453}.Debug|x86.Build.0 = Debug|Win32
		{7E3D7822-0E0C-40E0-9F8A-84F08E783453}.Release|x64.ActiveCfg = Release|x64
		{7E3D7822-0E0C-40E0-9F8A-84F08E783453}.Release|x64.Build.0 = Release|x64
		{7E3D7822-0E0C-40E0-9F8A-84F08E783453}.Release|x86.ActiveCfg = Release|Win32
		{7E3D7822-0E0C-40E0-9F8A-84F08E783453}.Release|x86.Build.0 = Release|Win32
		{D3E5CE44-128C-4CB3-8015-F935FBCCBA15}.Debug|x64.ActiveCfg = Debug|x64
		{D3E5CE44-128C-4CB3-8015-F935FBCCBA15}.Debug|x64.Build.0 = Debug|x64
		{D3E5CE44-128C-4CB3-8015-F935FBCCBA15}.Debug|x86.ActiveCfg = Debug|Win32
		{D3E5CE44-128C-4CB3-8015-F935FBCCBA15}.Debug|x86.Build.0 = Debug|Win32
		{D3E5CE44-128C-4CB3-8015-F935FBCCBA15}.Release|x64.ActiveCfg = Release|x64
		{D3E5CE44-128C-4CB3-8015-F935FBCCBA15}.Release|x64.Build.0 = Release|x64
		{D3E5CE44-128C-4CB3-8015-F935FBCCBA15}.Release|x86.ActiveCfg = Release|Win32
		{D3E5CE44-128C-4CB3-8015-F935FBCCBA15}.Release|x86.Build.0 = Release|Win32
		{E71097B1-13C4-4B92-B63E-CCF79D6E61A2}.Debug|x64.ActiveCfg = Debug|x64
		{E71097B1-13C4-4B92-B63E-CCF79D6E61A2}.Debug|x64.Build.0 = Debug|x64
		{E71097B1-13C4-4B92-B63E-CCF79D6E61A2}.Debug|x86.ActiveCfg = Debug|Win32
		{E71097B1-13C4-4B92-B63E-CCF79D6E61A2}.Debug|x86.Build.0 = Debug|Win32
		{E71097B1-13C4-4B92-B63E-CCF79D6E61A2}.Release|x64.ActiveCfg = Release|x64
		{E71097B1-13C4-4B92-B63E-CCF79D6E61A2}.Release|x64.Build.0 = Release|x64
		{E71097B1-13C4-4B92-B63E-CCF79D6E61A2}.Release|x86.ActiveCfg = Release|Win32
		{E71097B1-13C4-4B92-B63E-CCF79D6E61A2}.Release|x86.Build.0 = Release|Win32
		{0FBE550B-D3BA-4EEF-91B3-7B9EB6038DB6}.Debug|x64.ActiveCfg = Debug|x64
		{0FBE550B-D3BA-4EEF-91B3-7B9EB6038DB6}.Debug|x64.Build.0 = Debug|x64
		{0FBE550B-D3BA-4EEF-91B3-7B9EB6038DB6}.Debug|x86.ActiveCfg = Debug|Win32
		{0FBE550B-D3BA-4EEF-91B3-7B9EB6038DB6}.Debug|x86.Build.0 = Debug|Win32
		{0FBE550B-D3BA-4EEF-91B3-7B9EB6038DB6}.Release|x64.ActiveCfg = Release|x64
		{0FBE550B-D3BA-4EEF-91B3-7B9EB6038DB6}.Release|x64.Build.0 = Release|x64
		{0FBE550B-D3BA-4EEF-91B3-7B9EB6038DB6}.Release|x86.ActiveCfg = Release|Win32
		{0FBE550B-D3BA-4EEF-91B3-7B9EB6038DB6}.Release|x86.Build.0 = Release|Win32
	EndGlobalSection
	GlobalSection(SolutionProperties) = preSolution
		HideSolutionNode = FALSE
	EndGlobalSection
	GlobalSection(ExtensibilityGlobals) = postSolution
		SolutionGuid = {05AE276F-4629-4BF1-8339-CBC391AF55D6}
	EndGlobalSection
EndGlobal
