<?xml version="1.0" encoding="utf-8"?>
<Project ToolsVersion="4.0" xmlns="http://schemas.microsoft.com/developer/msbuild/2003">
  <ItemGroup>
    <ClCompile Include="Sources\Main.cpp" />
    <ClCompile Include="Sources\Vulkan\Vulkan.cpp" />
    <ClCompile Include="Sources\Platform\Win32\Window\Window.cpp" />
    <ClCompile Include="Sources\Platform\Common\Keyboard\Keyboard.cpp" />
    <ClCompile Include="Sources\Platform\Common\Mouse\Mouse.cpp" />
    <ClCompile Include="Sources\Core\Core.cpp" />
    <ClCompile Include="Sources\Scene\Map\Map.cpp" />
    <ClCompile Include="Sources\ManagedBuffer\ManagedBuffer.cpp" />
    <ClCompile Include="Sources\Camera\Camera.cpp" />
    <ClCompile Include="Sources\Camera\Frustum\Frustum.cpp" />
    <ClCompile Include="Sources\DescriptorSet\DescriptorSet.cpp" />
    <ClCompile Include="Sources\Scene\EntityRender\EntityRender.cpp" />
    <ClCompile Include="Sources\DataBank\DataBank.cpp" />
    <ClCompile Include="Sources\Platform\Common\Timer\Timer.cpp" />
    <ClCompile Include="Sources\UserInterface\UserInterface.cpp" />
    <ClCompile Include="Sources\ManagedBuffer\Chunk\Chunk.cpp" />
    <ClCompile Include="Sources\LoadedMesh\LoadedMesh.cpp" />
    <ClCompile Include="Sources\Entity\StaticEntity\StaticEntity.cpp" />
    <ClCompile Include="Sources\Entity\DynamicEntity\DynamicEntity.cpp" />
    <ClCompile Include="Sources\Entity\Entity.cpp" />
  </ItemGroup>
  <ItemGroup>
    <None Include="Sources\Vulkan\ListOfFunctions.inl" />
    <None Include="Shaders\map.frag" />
    <None Include="Shaders\map.vert" />
  </ItemGroup>
  <ItemGroup>
    <ClInclude Include="Sources\Vulkan\Vulkan.h" />
    <ClInclude Include="Sources\Platform\Common\Window\EWindowState.h" />
    <ClInclude Include="Sources\Platform\Common\Window\IWindowListener.h" />
    <ClInclude Include="Sources\Platform\Common\Window\Window.h" />
    <ClInclude Include="Sources\Platform\Common\Keyboard\IKeyboardListener.h" />
    <ClInclude Include="Sources\Platform\Common\Keyboard\Keyboard.h" />
    <ClInclude Include="Sources\Platform\Common\Mouse\IMouseListener.h" />
    <ClInclude Include="Sources\Platform\Common\Mouse\Mouse.h" />
    <ClInclude Include="Sources\COre\Core.h" />
    <ClInclude Include="Sources\Scene\Map\Map.h" />
    <ClInclude Include="Sources\ManagedBuffer\ManagedBuffer.h" />
    <ClInclude Include="Sources\Camera\Camera.h" />
    <ClInclude Include="Sources\Camera\Frustum\Frustum.h" />
    <ClInclude Include="Sources\DescriptorSet\DescriptorSet.h" />
    <ClInclude Include="Sources\Engine.h" />
    <ClInclude Include="Sources\Scene\EntityRender\EntityRender.h" />
    <ClInclude Include="Sources\DataBank\DataBank.h" />
    <ClInclude Include="Sources\Platform\Common\Timer\Timer.h" />
    <ClInclude Include="Sources\Platform\Common\Timer\ITimerListener.h" />
    <ClInclude Include="Sources\UserInterface\UserInterface.h" />
    <ClInclude Include="Sources\UserInterface\IUserInteraction.h" />
    <ClInclude Include="Sources\ManagedBuffer\Chunk\Chunk.h" />
    <ClInclude Include="Sources\LoadedMesh\LoadedMesh.h" />
    <ClInclude Include="Sources\Entity\Entity.h" />
    <ClInclude Include="Sources\Entity\StaticEntity\StaticEntity.h" />
    <ClInclude Include="Sources\Entity\DynamicEntity\DynamicEntity.h" />
    <ClInclude Include="Sources\Entity\IEntityListener.h" />
  </ItemGroup>
</Project>